
Microsoft Visual Studio Solution File, Format Version 12.00
# Visual Studio Version 17
VisualStudioVersion = 17.11.35327.3
MinimumVisualStudioVersion = 10.0.40219.1
Project("{FAE04EC0-301F-11D3-BF4B-00C04F79EFBC}") = "EcomPortal", "EcomPortal.csproj", "{E6445244-1E46-4DE2-8244-2EE4B53877A7}"
EndProject
Global
	GlobalSection(SolutionConfigurationPlatforms) = preSolution
		Debug|Any CPU = Debug|Any CPU
		Release|Any CPU = Release|Any CPU
	EndGlobalSection
	GlobalSection(ProjectConfigurationPlatforms) = postSolution
		{E6445244-1E46-4DE2-8244-2EE4B53877A7}.Debug|Any CPU.ActiveCfg = Debug|Any CPU
		{E6445244-1E46-4DE2-8244-2EE4B53877A7}.Debug|Any CPU.Build.0 = Debug|Any CPU
		{E6445244-1E46-4DE2-8244-2EE4B53877A7}.Release|Any CPU.ActiveCfg = Release|Any CPU
		{E6445244-1E46-4DE2-8244-2EE4B53877A7}.Release|Any CPU.Build.0 = Release|Any CPU
	EndGlobalSection
	GlobalSection(SolutionProperties) = preSolution
		HideSolutionNode = FALSE
	EndGlobalSection
	GlobalSection(ExtensibilityGlobals) = postSolution
		SolutionGuid = {E54DA0F4-65A4-45EE-8768-051A15661688}
	EndGlobalSection
EndGlobal
